
Microsoft Visual Studio Solution File, Format Version 12.00
# Visual Studio Version 16
VisualStudioVersion = 16.0.30621.155
MinimumVisualStudioVersion = 10.0.40219.1
Project("{2150E333-8FDC-42A3-9474-1A3956D46DE8}") = "Solution Items", "Solution Items", "{6D36CC7C-86C1-4212-A001-A1AB6877B63B}"
	ProjectSection(SolutionItems) = preProject
		.gitattributes = .gitattributes
		.gitignore = .gitignore
		README.md = README.md
	EndProjectSection
EndProject
Project("{9092AA53-FB77-4645-B42D-1CCCA6BD08BD}") = "ChatServer", "ChatServer\ChatServer.njsproj", "{2F1A0444-BDD1-43DD-9C60-FA71AF65F9AF}"
EndProject
Project("{FAE04EC0-301F-11D3-BF4B-00C04F79EFBC}") = "ChatApp", "ChatApp\ChatApp.csproj", "{604D1507-515D-4672-965D-0D2D1693BCF3}"
EndProject
Global
	GlobalSection(SolutionConfigurationPlatforms) = preSolution
		Debug|Any CPU = Debug|Any CPU
		Release|Any CPU = Release|Any CPU
	EndGlobalSection
	GlobalSection(ProjectConfigurationPlatforms) = postSolution
		{2F1A0444-BDD1-43DD-9C60-FA71AF65F9AF}.Debug|Any CPU.ActiveCfg = Debug|Any CPU
		{2F1A0444-BDD1-43DD-9C60-FA71AF65F9AF}.Debug|Any CPU.Build.0 = Debug|Any CPU
		{2F1A0444-BDD1-43DD-9C60-FA71AF65F9AF}.Release|Any CPU.ActiveCfg = Release|Any CPU
		{2F1A0444-BDD1-43DD-9C60-FA71AF65F9AF}.Release|Any CPU.Build.0 = Release|Any CPU
		{604D1507-515D-4672-965D-0D2D1693BCF3}.Debug|Any CPU.ActiveCfg = Debug|Any CPU
		{604D1507-515D-4672-965D-0D2D1693BCF3}.Debug|Any CPU.Build.0 = Debug|Any CPU
		{604D1507-515D-4672-965D-0D2D1693BCF3}.Release|Any CPU.ActiveCfg = Release|Any CPU
		{604D1507-515D-4672-965D-0D2D1693BCF3}.Release|Any CPU.Build.0 = Release|Any CPU
	EndGlobalSection
	GlobalSection(SolutionProperties) = preSolution
		HideSolutionNode = FALSE
	EndGlobalSection
	GlobalSection(ExtensibilityGlobals) = postSolution
		SolutionGuid = {6CD6B4D5-1684-4A05-A9F2-C3C0FD90F63E}
	EndGlobalSection
EndGlobal
